Microsoft Visual Studio Solution File, Format Version 7.00
Project("{F184B08F-C81C-45F6-A57F-5ABD9991F28F}") = "BMS", "BMS.vbproj", "{3CF3B1C9-43CA-4DD8-9A06-102BAC86FF34}"
EndProject
Global
	GlobalSection(SolutionConfiguration) = preSolution
		ConfigName.0 = Debug
		ConfigName.1 = Release
	EndGlobalSection
	GlobalSection(ProjectDependencies) = postSolution
	EndGlobalSection
	GlobalSection(ProjectConfiguration) = postSolution
		{3CF3B1C9-43CA-4DD8-9A06-102BAC86FF34}.Debug.ActiveCfg = Debug|.NET
		{3CF3B1C9-43CA-4DD8-9A06-102BAC86FF34}.Debug.Build.0 = Debug|.NET
		{3CF3B1C9-43CA-4DD8-9A06-102BAC86FF34}.Release.ActiveCfg = Release|.NET
		{3CF3B1C9-43CA-4DD8-9A06-102BAC86FF34}.Release.Build.0 = Release|.NET
	EndGlobalSection
	GlobalSection(ExtensibilityGlobals) = postSolution
	EndGlobalSection
	GlobalSection(ExtensibilityAddIns) = postSolution
	EndGlobalSection
EndGlobal
